
Microsoft Visual Studio Solution File, Format Version 12.00
# Visual Studio Version 17
VisualStudioVersion = 17.7.34221.43
MinimumVisualStudioVersion = 10.0.40219.1
Project("{9A19103F-16F7-4668-BE54-9A1E7A4F7556}") = "PoliSchool.Web", "PoliSchool.Web\PoliSchool.Web.csproj", "{715D2E6C-34E3-4F2B-85A0-B8CC7BACDA3A}"
EndProject
Project("{9A19103F-16F7-4668-BE54-9A1E7A4F7556}") = "PoliSchool.DAL", "PoliSchool.DAL\PoliSchool.DAL.csproj", "{C347BE56-9E6B-46CC-A0A9-7D99F5BDC0F0}"
EndProject
Project("{9A19103F-16F7-4668-BE54-9A1E7A4F7556}") = "PoliSchool.BL", "PoliSchool.BL\PoliSchool.BL.csproj", "{0BBC5B24-85C6-4F93-A6D3-B5905ECCA175}"
EndProject
Global
	GlobalSection(SolutionConfigurationPlatforms) = preSolution
		Debug|Any CPU = Debug|Any CPU
		Release|Any CPU = Release|Any CPU
	EndGlobalSection
	GlobalSection(ProjectConfigurationPlatforms) = postSolution
		{715D2E6C-34E3-4F2B-85A0-B8CC7BACDA3A}.Debug|Any CPU.ActiveCfg = Debug|Any CPU
		{715D2E6C-34E3-4F2B-85A0-B8CC7BACDA3A}.Debug|Any CPU.Build.0 = Debug|Any CPU
		{715D2E6C-34E3-4F2B-85A0-B8CC7BACDA3A}.Release|Any CPU.ActiveCfg = Release|Any CPU
		{715D2E6C-34E3-4F2B-85A0-B8CC7BACDA3A}.Release|Any CPU.Build.0 = Release|Any CPU
		{C347BE56-9E6B-46CC-A0A9-7D99F5BDC0F0}.Debug|Any CPU.ActiveCfg = Debug|Any CPU
		{C347BE56-9E6B-46CC-A0A9-7D99F5BDC0F0}.Debug|Any CPU.Build.0 = Debug|Any CPU
		{C347BE56-9E6B-46CC-A0A9-7D99F5BDC0F0}.Release|Any CPU.ActiveCfg = Release|Any CPU
		{C347BE56-9E6B-46CC-A0A9-7D99F5BDC0F0}.Release|Any CPU.Build.0 = Release|Any CPU
		{0BBC5B24-85C6-4F93-A6D3-B5905ECCA175}.Debug|Any CPU.ActiveCfg = Debug|Any CPU
		{0BBC5B24-85C6-4F93-A6D3-B5905ECCA175}.Debug|Any CPU.Build.0 = Debug|Any CPU
		{0BBC5B24-85C6-4F93-A6D3-B5905ECCA175}.Release|Any CPU.ActiveCfg = Release|Any CPU
		{0BBC5B24-85C6-4F93-A6D3-B5905ECCA175}.Release|Any CPU.Build.0 = Release|Any CPU
	EndGlobalSection
	GlobalSection(SolutionProperties) = preSolution
		HideSolutionNode = FALSE
	EndGlobalSection
	GlobalSection(ExtensibilityGlobals) = postSolution
		SolutionGuid = {79A2B3D2-B11E-4DB6-A171-59BB878D9C31}
	EndGlobalSection
EndGlobal
